
Microsoft Visual Studio Solution File, Format Version 12.00
# Visual Studio Version 17
VisualStudioVersion = 17.0.31903.59
MinimumVisualStudioVersion = 10.0.40219.1
Project("{9A19103F-16F7-4668-BE54-9A1E7A4F7556}") = "API", "API\API.csproj", "{AA6C6D17-F974-4468-9811-E315B64336FE}"
EndProject
Project("{9A19103F-16F7-4668-BE54-9A1E7A4F7556}") = "Application", "Application\Application.csproj", "{F8FA5173-EE3B-4A3B-BC13-900E506C6E93}"
EndProject
Project("{9A19103F-16F7-4668-BE54-9A1E7A4F7556}") = "Domain", "Domain\Domain.csproj", "{3668A6B5-DF27-452A-AA2F-78864E55F7D9}"
EndProject
Project("{9A19103F-16F7-4668-BE54-9A1E7A4F7556}") = "Persistence", "Persistence\Persistence.csproj", "{8055D3B1-B56C-416D-98C0-8CA1A8400C1E}"
EndProject
Project("{FAE04EC0-301F-11D3-BF4B-00C04F79EFBC}") = "Mobile.Android", "Mobile\Mobile.Android\Mobile.Android.csproj", "{1126DC61-37D8-4DD3-836F-87D0A1803B41}"
EndProject
Project("{FAE04EC0-301F-11D3-BF4B-00C04F79EFBC}") = "Mobile", "Mobile\Mobile\Mobile.csproj", "{A2493B52-ACCD-43F2-9FF6-A9BC93AD4975}"
EndProject
Global
	GlobalSection(SolutionConfigurationPlatforms) = preSolution
		Debug|Any CPU = Debug|Any CPU
		Release|Any CPU = Release|Any CPU
	EndGlobalSection
	GlobalSection(ProjectConfigurationPlatforms) = postSolution
		{AA6C6D17-F974-4468-9811-E315B64336FE}.Debug|Any CPU.ActiveCfg = Debug|Any CPU
		{AA6C6D17-F974-4468-9811-E315B64336FE}.Debug|Any CPU.Build.0 = Debug|Any CPU
		{AA6C6D17-F974-4468-9811-E315B64336FE}.Release|Any CPU.ActiveCfg = Release|Any CPU
		{AA6C6D17-F974-4468-9811-E315B64336FE}.Release|Any CPU.Build.0 = Release|Any CPU
		{F8FA5173-EE3B-4A3B-BC13-900E506C6E93}.Debug|Any CPU.ActiveCfg = Debug|Any CPU
		{F8FA5173-EE3B-4A3B-BC13-900E506C6E93}.Debug|Any CPU.Build.0 = Debug|Any CPU
		{F8FA5173-EE3B-4A3B-BC13-900E506C6E93}.Release|Any CPU.ActiveCfg = Release|Any CPU
		{F8FA5173-EE3B-4A3B-BC13-900E506C6E93}.Release|Any CPU.Build.0 = Release|Any CPU
		{3668A6B5-DF27-452A-AA2F-78864E55F7D9}.Debug|Any CPU.ActiveCfg = Debug|Any CPU
		{3668A6B5-DF27-452A-AA2F-78864E55F7D9}.Debug|Any CPU.Build.0 = Debug|Any CPU
		{3668A6B5-DF27-452A-AA2F-78864E55F7D9}.Release|Any CPU.ActiveCfg = Release|Any CPU
		{3668A6B5-DF27-452A-AA2F-78864E55F7D9}.Release|Any CPU.Build.0 = Release|Any CPU
		{8055D3B1-B56C-416D-98C0-8CA1A8400C1E}.Debug|Any CPU.ActiveCfg = Debug|Any CPU
		{8055D3B1-B56C-416D-98C0-8CA1A8400C1E}.Debug|Any CPU.Build.0 = Debug|Any CPU
		{8055D3B1-B56C-416D-98C0-8CA1A8400C1E}.Release|Any CPU.ActiveCfg = Release|Any CPU
		{8055D3B1-B56C-416D-98C0-8CA1A8400C1E}.Release|Any CPU.Build.0 = Release|Any CPU
		{1126DC61-37D8-4DD3-836F-87D0A1803B41}.Debug|Any CPU.ActiveCfg = Debug|Any CPU
		{1126DC61-37D8-4DD3-836F-87D0A1803B41}.Debug|Any CPU.Build.0 = Debug|Any CPU
		{1126DC61-37D8-4DD3-836F-87D0A1803B41}.Debug|Any CPU.Deploy.0 = Debug|Any CPU
		{1126DC61-37D8-4DD3-836F-87D0A1803B41}.Release|Any CPU.ActiveCfg = Release|Any CPU
		{1126DC61-37D8-4DD3-836F-87D0A1803B41}.Release|Any CPU.Build.0 = Release|Any CPU
		{1126DC61-37D8-4DD3-836F-87D0A1803B41}.Release|Any CPU.Deploy.0 = Release|Any CPU
		{A2493B52-ACCD-43F2-9FF6-A9BC93AD4975}.Debug|Any CPU.ActiveCfg = Debug|Any CPU
		{A2493B52-ACCD-43F2-9FF6-A9BC93AD4975}.Debug|Any CPU.Build.0 = Debug|Any CPU
		{A2493B52-ACCD-43F2-9FF6-A9BC93AD4975}.Release|Any CPU.ActiveCfg = Release|Any CPU
		{A2493B52-ACCD-43F2-9FF6-A9BC93AD4975}.Release|Any CPU.Build.0 = Release|Any CPU
	EndGlobalSection
	GlobalSection(SolutionProperties) = preSolution
		HideSolutionNode = FALSE
	EndGlobalSection
EndGlobal
